
Microsoft Visual Studio Solution File, Format Version 12.00
# Visual Studio Version 17
VisualStudioVersion = 17.1.32407.343
MinimumVisualStudioVersion = 10.0.40219.1
Project("{FAE04EC0-301F-11D3-BF4B-00C04F79EFBC}") = "Arcanoid", "Arcanoid\Arcanoid.csproj", "{8C6D6A3B-777F-464F-815D-CED30C688F4F}"
EndProject
Global
	GlobalSection(SolutionConfigurationPlatforms) = preSolution
		Debug|Any CPU = Debug|Any CPU
		Release|Any CPU = Release|Any CPU
	EndGlobalSection
	GlobalSection(ProjectConfigurationPlatforms) = postSolution
		{8C6D6A3B-777F-464F-815D-CED30C688F4F}.Debug|Any CPU.ActiveCfg = Debug|Any CPU
		{8C6D6A3B-777F-464F-815D-CED30C688F4F}.Debug|Any CPU.Build.0 = Debug|Any CPU
		{8C6D6A3B-777F-464F-815D-CED30C688F4F}.Release|Any CPU.ActiveCfg = Release|Any CPU
		{8C6D6A3B-777F-464F-815D-CED30C688F4F}.Release|Any CPU.Build.0 = Release|Any CPU
	EndGlobalSection
	GlobalSection(SolutionProperties) = preSolution
		HideSolutionNode = FALSE
	EndGlobalSection
	GlobalSection(ExtensibilityGlobals) = postSolution
		SolutionGuid = {627F8534-0490-4EE5-843D-F756D1412FE6}
	EndGlobalSection
EndGlobal
